
Microsoft Visual Studio Solution File, Format Version 12.00
# Visual Studio 15
VisualStudioVersion = 15.0.28307.1231
MinimumVisualStudioVersion = 10.0.40219.1
Project("{FAE04EC0-301F-11D3-BF4B-00C04F79EFBC}") = "BaseClass", "BaseClass\BaseClass.csproj", "{A068FBEB-C996-4264-BAB6-48D9C12AF493}"
EndProject
Project("{FAE04EC0-301F-11D3-BF4B-00C04F79EFBC}") = "View", "View\View.csproj", "{E7F761B0-05F3-4B1B-AA7A-8E81B509FA14}"
EndProject
Global
	GlobalSection(SolutionConfigurationPlatforms) = preSolution
		Debug|Any CPU = Debug|Any CPU
		Release|Any CPU = Release|Any CPU
	EndGlobalSection
	GlobalSection(ProjectConfigurationPlatforms) = postSolution
		{A068FBEB-C996-4264-BAB6-48D9C12AF493}.Debug|Any CPU.ActiveCfg = Debug|Any CPU
		{A068FBEB-C996-4264-BAB6-48D9C12AF493}.Debug|Any CPU.Build.0 = Debug|Any CPU
		{A068FBEB-C996-4264-BAB6-48D9C12AF493}.Release|Any CPU.ActiveCfg = Release|Any CPU
		{A068FBEB-C996-4264-BAB6-48D9C12AF493}.Release|Any CPU.Build.0 = Release|Any CPU
		{E7F761B0-05F3-4B1B-AA7A-8E81B509FA14}.Debug|Any CPU.ActiveCfg = Debug|Any CPU
		{E7F761B0-05F3-4B1B-AA7A-8E81B509FA14}.Debug|Any CPU.Build.0 = Debug|Any CPU
		{E7F761B0-05F3-4B1B-AA7A-8E81B509FA14}.Release|Any CPU.ActiveCfg = Release|Any CPU
		{E7F761B0-05F3-4B1B-AA7A-8E81B509FA14}.Release|Any CPU.Build.0 = Release|Any CPU
	EndGlobalSection
	GlobalSection(SolutionProperties) = preSolution
		HideSolutionNode = FALSE
	EndGlobalSection
	GlobalSection(ExtensibilityGlobals) = postSolution
		SolutionGuid = {2BA96552-30FD-4A01-A6B7-136BF3ABA1DA}
	EndGlobalSection
EndGlobal
